{
  "version": "5",
  "specifiers": {
    "jsr:@polyengine/ct-runner@0.6.3": "0.6.3",
    "jsr:@polyengine/protocol@0.3.1": "0.3.1",
    "jsr:@polyengine/protocol@~0.3.1": "0.3.1",
    "jsr:@polyengine/runtime@0.6.3": "0.6.3",
    "jsr:@polyengine/runtime@~0.6.3": "0.6.3",
    "jsr:@polyengine/translator@0.6.3": "0.6.3",
    "jsr:@polyengine/wasi@0.6.3": "0.6.3",
    "npm:@jsr/polymorph__test@0.3.1": "0.3.1",
    "npm:node-datachannel@0.33.2": "0.33.2",
    "npm:playwright-core@^1.63.0": "1.63.0",
    "npm:werift@0.24.4": "0.24.4"
  },
  "jsr": {
    "@polyengine/ct-runner@0.6.3": {
      "integrity": "61821fbc7d8de1aab0a82a6ab3adfa89cc63b87c1a4573516e45a407d501027c",
      "dependencies": [
        "jsr:@polyengine/protocol@~0.3.1",
        "jsr:@polyengine/runtime@~0.6.3"
      ]
    },
    "@polyengine/protocol@0.3.1": {
      "integrity": "3cba0ded857c5cc911fcf9c0782c7566c79af89ddc8e0ec4e48ece60c807a518"
    },
    "@polyengine/runtime@0.6.3": {
      "integrity": "8f1ffc1c547793bc4cb3c1dec6a62c8cf0eb5cdb135b70e6df1fd042c6ec58f0",
      "dependencies": [
        "jsr:@polyengine/protocol@~0.3.1"
      ]
    },
    "@polyengine/translator@0.6.3": {
      "integrity": "ccd0bb64ce3081d70b13e224c77e423faf7acf9953f62d4e0d2bab97c626c932",
      "dependencies": [
        "jsr:@polyengine/runtime@~0.6.3"
      ]
    },
    "@polyengine/wasi@0.6.3": {
      "integrity": "5c738fe95101f22e469346618e79ce261dd636a5d44e89fdcdd40c33d8c92e17",
      "dependencies": [
        "jsr:@polyengine/protocol@~0.3.1"
      ]
    }
  },
  "npm": {
    "@fidm/asn1@1.0.4": {
      "integrity": "sha512-esd1jyNvRb2HVaQGq2Gg8Z0kbQPXzV9Tq5Z14KNIov6KfFD6PTaRIO8UpcsYiTNzOqJpmyzWgVTrUwFV3UF4TQ=="
    },
    "@fidm/x509@1.2.1": {
      "integrity": "sha512-nwc2iesjyc9hkuzcrMCBXQRn653XuAUKorfWM8PZyJawiy1QzLj4vahwzaI25+pfpwOLvMzbJ0uKpWLDNmo16w==",
      "dependencies": [
        "@fidm/asn1",
        "tweetnacl"
      ]
    },
    "@jsr/polymorph__test@0.3.1": {
      "integrity": "sha512-IIwmnw5F/JHgpuQUzHL+qFJ6lv+gr4mNuXRf2VXVqUQhaf1UaqdgOFHbN2bcsIVtZR3JH+2xKcODB3/SRcJJWg==",
      "tarball": "https://npm.jsr.io/~/11/@jsr/polymorph__test/0.3.1.tgz"
    },
    "@leichtgewicht/ip-codec@2.0.5": {
      "integrity": "sha512-Vo+PSpZG2/fmgmiNzYK9qWRh8h/CHrwD0mo1h1DzL4yzHNSfWYujGTYsWGreD000gcgmZ7K4Ys6Tx9TxtsKdDw=="
    },
    "@noble/curves@1.9.7": {
      "integrity": "sha512-gbKGcRUYIjA3/zCCNaWDciTMFI0dCkvou3TL8Zmy5Nc7sJ47a0jtOeZoTaMxkuqRo9cRhjOdZJXegxYE5FN/xw==",
      "dependencies": [
        "@noble/hashes"
      ]
    },
    "@noble/hashes@1.8.0": {
      "integrity": "sha512-jCs9ldd7NwzpgXDIf6P3+NrHh9/sD6CQdxHyjQI+h/6rDNo88ypBxxz45UDuZHz9r3tNz7N/VInSVoVdtXEI4A=="
    },
    "@node-datachannel/android-arm64@0.33.2": {
      "integrity": "sha512-I71a0jICUNYgh4ZI5AcINEMuRtQSVyrpp4FV3kJZMcx31xS0vKKtf06tpsUAtW5uS+uRXbZR+vlMEqS1h710wQ==",
      "os": ["android"],
      "cpu": ["arm64"]
    },
    "@node-datachannel/darwin-arm64@0.33.2": {
      "integrity": "sha512-EwBGiaMh3MX6zjYoZHuK02Q6hmQQIvR39335Kb/ZnP3fXZU0/VWx6ksHLM6K0XFFYRfP+yJeVgU79g++xoeQpw==",
      "os": ["darwin"],
      "cpu": ["arm64"]
    },
    "@node-datachannel/darwin-x64@0.33.2": {
      "integrity": "sha512-a1nvL6MiskSjV3TWTNXdVpI/2kHNIOP2AbuBZjR5eC7VSrH/6hCFfHIBW4SFKXGFm8LOGliY9Df10UnJUutjwA==",
      "os": ["darwin"],
      "cpu": ["x64"]
    },
    "@node-datachannel/linux-arm64-gnu@0.33.2": {
      "integrity": "sha512-YWAu3EiMl2HRi/fwWlfFTW30wFTkRVYJWRHQcI1uDSeZYG/tfyBqBy6CRy9Sgrb0xjOYZ6XhLDj8cdX0foPlpg==",
      "os": ["linux"],
      "cpu": ["arm64"]
    },
    "@node-datachannel/linux-arm64-musl@0.33.2": {
      "integrity": "sha512-16o3Ny5hbxTTjDmhsZog/t7p2tRP6s/Oa/V9kKzZfiGlCqvxxCE4ACOWw/MWHOhN0xI9/63IIRfrrnQnPxjK8g==",
      "os": ["linux"],
      "cpu": ["arm64"]
    },
    "@node-datachannel/linux-x64-gnu@0.33.2": {
      "integrity": "sha512-grLRAbZgSIX8nmObciblyCmnevDCst0snhV+z1fvDmUlzXIVXeDmv6lEzAaWs3KRleagqwSsFg5d1td1bwMT9w==",
      "os": ["linux"],
      "cpu": ["x64"]
    },
    "@node-datachannel/linux-x64-musl@0.33.2": {
      "integrity": "sha512-PlpgvYjo+gmBhIkRFaZWIhCF335FMTJmCpl+FVa4XliEgyOqD+cvjQPWcbnlrA2Jd+QnLiZt+NxT7nv4QXpoiQ==",
      "os": ["linux"],
      "cpu": ["x64"]
    },
    "@node-datachannel/win32-arm64-msvc@0.33.2": {
      "integrity": "sha512-8NpHkm7R8EY0jHGHOXdK7K0wjWY34PJ+PJY++2VDHTAtXGazNm28zcnVE/4IU0N26YGdCDSSWat3OO3W6nwoRw==",
      "os": ["win32"],
      "cpu": ["arm64"]
    },
    "@node-datachannel/win32-x64-msvc@0.33.2": {
      "integrity": "sha512-aLk0O/M1JNVpzxx4RVBXMJTMlpswE04Cz5baayKwuEN+qk9hO6DSJgYMR6Wq9a5zGYAmvLFlOg+LsePyXkWliA==",
      "os": ["win32"],
      "cpu": ["x64"]
    },
    "@peculiar/asn1-cms@2.9.4": {
      "integrity": "sha512-cben7oxmQsUGZqotus7yt0srYdncOT6RNWcTQ77T2RFOXejYVYkXadrfePdRcrVpO9K95IRLKKglG2k38jKXuw==",
      "dependencies": [
        "@peculiar/asn1-schema",
        "@peculiar/asn1-x509",
        "@peculiar/asn1-x509-attr",
        "asn1js",
        "tslib@2.8.1"
      ]
    },
    "@peculiar/asn1-csr@2.9.4": {
      "integrity": "sha512-xd4YN4vpRjkDAQWVfZZkeu12IEND7DOpkqaHSIHxZl1uggUNa9Ju0QxY2jHvDAS9pP0zhRBytg8ifsnGo3V0jw==",
      "dependencies": [
        "@peculiar/asn1-schema",
        "@peculiar/asn1-x509",
        "asn1js",
        "tslib@2.8.1"
      ]
    },
    "@peculiar/asn1-ecc@2.9.4": {
      "integrity": "sha512-JJXefFshRAuVAjWQo/39bkg1ywc1VaiO44S8RRC+Ykvf/u2KDmYffoDb0ZBPCR5uJy4AGKQhl8mX+Q8ShcWaXQ==",
      "dependencies": [
        "@peculiar/asn1-schema",
        "@peculiar/asn1-x509",
        "asn1js",
        "tslib@2.8.1"
      ]
    },
    "@peculiar/asn1-pfx@2.9.4": {
      "integrity": "sha512-khuGzHTzNzk4GDlIBEILyIs6Lce0yn0ZBdoI9v93kmNncfZRhD+AQ5ODFqdhvoE8cMJF/JMTQ8yA+t1D14kqCw==",
      "dependencies": [
        "@peculiar/asn1-cms",
        "@peculiar/asn1-pkcs8",
        "@peculiar/asn1-rsa",
        "@peculiar/asn1-schema",
        "asn1js",
        "tslib@2.8.1"
      ]
    },
    "@peculiar/asn1-pkcs8@2.9.4": {
      "integrity": "sha512-duRdotlUx9eDZe6QrQpQKl61RbWykCHBCkKayP8V8XdEFwlKHZ8qGGDMyS6Pye7OX7nLFttTTpRkJeet78ckwQ==",
      "dependencies": [
        "@peculiar/asn1-schema",
        "@peculiar/asn1-x509",
        "asn1js",
        "tslib@2.8.1"
      ]
    },
    "@peculiar/asn1-pkcs9@2.9.4": {
      "integrity": "sha512-kaL4cNxBpdQE2dKlyZBqz4ygCrwffO+8wfoxTEqM1Z8RadvCeELBRzcv0dzM8aY9azHMwODO5nxU65zXmhToOQ==",
      "dependencies": [
        "@peculiar/asn1-cms",
        "@peculiar/asn1-pfx",
        "@peculiar/asn1-pkcs8",
        "@peculiar/asn1-schema",
        "@peculiar/asn1-x509",
        "@peculiar/asn1-x509-attr",
        "asn1js",
        "tslib@2.8.1"
      ]
    },
    "@peculiar/asn1-rsa@2.9.4": {
      "integrity": "sha512-pZ96eD1PptovcWQ/GSmuNFXd/7EQJNlKfDaNCyE2rx3W0v6QFelkzquVqRSRyyDXXCYD69ZXJDzZ8GhIiQzKoA==",
      "dependencies": [
        "@peculiar/asn1-schema",
        "@peculiar/asn1-x509",
        "asn1js",
        "tslib@2.8.1"
      ]
    },
    "@peculiar/asn1-schema@2.9.4": {
      "integrity": "sha512-GjzePcT9Iw8NzeOPf73iNS9xM+TBhd/FilAfP+RQGkTMQJTVWtytN3JHJACCjf/ABNau5S7mS3g+DcuxmRgYEg==",
      "dependencies": [
        "@peculiar/utils",
        "asn1js",
        "tslib@2.8.1"
      ]
    },
    "@peculiar/asn1-x509-attr@2.9.4": {
      "integrity": "sha512-ehQXbpQaQYycgu8OrvigwSPTFfVRcu0ECNYCWw+yzBp02Lw5paRqzzhUpfOgO2K38+WfFZuEz/0RPtam5g0OMg==",
      "dependencies": [
        "@peculiar/asn1-schema",
        "@peculiar/asn1-x509",
        "asn1js",
        "tslib@2.8.1"
      ]
    },
    "@peculiar/asn1-x509@2.9.4": {
      "integrity": "sha512-CxhBo/RdEbMMob7T31ZdQjGuoyRFLVwrDzTn25bihzBasRg9kRm/0IxIPvhgQtcK/9dNcO1XQL2fuPugwELL0Q==",
      "dependencies": [
        "@peculiar/asn1-schema",
        "@peculiar/utils",
        "asn1js",
        "tslib@2.8.1"
      ]
    },
    "@peculiar/utils@2.0.3": {
      "integrity": "sha512-+oL3HPFRIZ1St2K50lWCXiioIgSoxzz7R1J3uF6neO2yl1sgmpgY6XXJH4BdpoDkMWznQTeYF6oWNDZLCdQ4eQ==",
      "dependencies": [
        "tslib@2.8.1"
      ]
    },
    "@peculiar/x509@1.14.3": {
      "integrity": "sha512-C2Xj8FZ0uHWeCXXqX5B4/gVFQmtSkiuOolzAgutjTfseNOHT3pUjljDZsTSxXFGgio54bCzVFqmEOUrIVk8RDA==",
      "dependencies": [
        "@peculiar/asn1-cms",
        "@peculiar/asn1-csr",
        "@peculiar/asn1-ecc",
        "@peculiar/asn1-pkcs9",
        "@peculiar/asn1-rsa",
        "@peculiar/asn1-schema",
        "@peculiar/asn1-x509",
        "pvtsutils",
        "reflect-metadata",
        "tslib@2.8.1",
        "tsyringe"
      ]
    },
    "@shinyoshiaki/binary-data@0.6.1": {
      "integrity": "sha512-7HDb/fQAop2bCmvDIzU5+69i+UJaFgIVp99h1VzK1mpg1JwSODOkjbqD7ilTYnqlnadF8C4XjpwpepxDsGY6+w==",
      "dependencies": [
        "generate-function",
        "is-plain-object"
      ]
    },
    "@types/dom-mediacapture-transform@0.1.12": {
      "integrity": "sha512-d7/QsLRwF864A5mgIM/YrfiglHoYn7zgCcAoJgW404r+2DwnNr7EBbLnCWpmOMgH8y0te73L1AV6H1bmauaWFw==",
      "dependencies": [
        "@types/dom-webcodecs"
      ]
    },
    "@types/dom-webcodecs@0.1.13": {
      "integrity": "sha512-O5hkiFIcjjszPIYyUSyvScyvrBoV3NOEEZx/pMlsu44TKzWNkLVBBxnxJz42in5n3QIolYOcBYFCPZZ0h8SkwQ=="
    },
    "asn1js@3.0.10": {
      "integrity": "sha512-S2s3aOytiKdFRdulw2qPE51MzjzVOisppcVv7jVFR+Kw0kxwvFrDcYA0h7Ndqbmj0HkMIXYWaoj7fli8kgx1eg==",
      "dependencies": [
        "pvtsutils",
        "pvutils",
        "tslib@2.8.1"
      ]
    },
    "base64-js@1.5.1": {
      "integrity": "sha512-AKpaYlHn8t4SVbOHCy+b5+KKgvR4vrsD8vbvrbiQJps7fKDTkjkDry6ji0rUJjC0kzbNePLwzxq8iypo41qeWA=="
    },
    "buffer@6.0.3": {
      "integrity": "sha512-FTiCpNxtwiZZHEZbcbTIcZjERVICn9yq/pDFkTl95/AxzD1naBctN7YO68riM/gLSDY7sdrMby8hofADYuuqOA==",
      "dependencies": [
        "base64-js",
        "ieee754"
      ]
    },
    "debug@4.4.0": {
      "integrity": "sha512-6WTZ/IxCY/T6BALoZHaE4ctp9xm+Z5kY/pzYaCHRFeyVhojxlrm+46y68HA6hr0TcwEssoxNiDEUJQjfPZ/RYA==",
      "dependencies": [
        "ms"
      ]
    },
    "detect-libc@2.1.2": {
      "integrity": "sha512-Btj2BOOO83o3WyH59e8MgXsxEQVcarkUOpEYrubB0urwnN10yQ364rsiByU11nZlqWYZm05i/of7io4mzihBtQ=="
    },
    "dns-packet@5.6.1": {
      "integrity": "sha512-l4gcSouhcgIKRvyy99RNVOgxXiicE+2jZoNmaNmZ6JXiGajBOJAesk1OBlJuM5k2c+eudGdLxDqXuPCKIj6kpw==",
      "dependencies": [
        "@leichtgewicht/ip-codec"
      ]
    },
    "generate-function@2.3.1": {
      "integrity": "sha512-eeB5GfMNeevm/GRYq20ShmsaGcmI81kIX2K9XQx5miC8KdHaC6Jm0qQ8ZNeGOi7wYB8OsdxKs+Y2oVuTFuVwKQ==",
      "dependencies": [
        "is-property"
      ]
    },
    "ieee754@1.2.1": {
      "integrity": "sha512-dcyqhDvX1C46lXZcVqCpK+FtMRQVdIMN6/Df5js2zouUsqG7I6sFxitIC+7KYK29KdXOLHdu9zL4sFnoVQnqaA=="
    },
    "is-plain-object@2.0.4": {
      "integrity": "sha512-h5PpgXkWitc38BBMYawTYMWJHFZJVnBquFE57xFpjB8pJFiF6gZ+bU+WyI/yqXiFR5mdLsgYNaPe8uao6Uv9Og==",
      "dependencies": [
        "isobject"
      ]
    },
    "is-property@1.0.2": {
      "integrity": "sha512-Ks/IoX00TtClbGQr4TWXemAnktAQvYB7HzcCxDGqEZU6oCmb2INHuOoKxbtR+HFkmYWBKv/dOZtGRiAjDhj92g=="
    },
    "isobject@3.0.1": {
      "integrity": "sha512-WhB9zCku7EGTj/HQQRz5aUQEUeoQZH2bWcltRErOpymJ4boYE6wL9Tbr23krRPSZ+C5zqNSrSw+Cc7sZZ4b7vg=="
    },
    "mediabunny@1.55.2": {
      "integrity": "sha512-EEx4O6qYddAdCyWPMZNDwI7uc5hewNHrPAf9jLcVhIbXoPsiqNQ+D9i1pfadmGkjN2V318jSrZljkpoziYm6Lg==",
      "dependencies": [
        "@types/dom-mediacapture-transform",
        "@types/dom-webcodecs"
      ]
    },
    "ms@2.1.3": {
      "integrity": "sha512-6FlzubTLZG3J2a/NVCAleEhjzq5oxgHyaCU9yYXvcLsvoVaHJq/s5xXI6/XXP6tz7R9xAOtHnSO/tXtF3WRTlA=="
    },
    "multicast-dns@7.2.5": {
      "integrity": "sha512-2eznPJP8z2BFLX50tf0LuODrpINqP1RVIm/CObbTcBRITQgmC/TjcREF1NeTBzIcR5XO/ukWo+YHOjBbFwIupg==",
      "dependencies": [
        "dns-packet",
        "thunky"
      ],
      "bin": true
    },
    "node-datachannel@0.33.2": {
      "integrity": "sha512-WRL+uqYG2eSvpnKuCOKueaMiyKlDjkJFd6pFH/f2SbD/EiXLMXwmYNU5z+TDQPrAv+BMgkuC40UESeRRL+4zBw==",
      "dependencies": [
        "detect-libc"
      ],
      "optionalDependencies": [
        "@node-datachannel/android-arm64",
        "@node-datachannel/darwin-arm64",
        "@node-datachannel/darwin-x64",
        "@node-datachannel/linux-arm64-gnu",
        "@node-datachannel/linux-arm64-musl",
        "@node-datachannel/linux-x64-gnu",
        "@node-datachannel/linux-x64-musl",
        "@node-datachannel/win32-arm64-msvc",
        "@node-datachannel/win32-x64-msvc"
      ]
    },
    "playwright-core@1.63.0": {
      "integrity": "sha512-rYCsBF/M5HjUch52bbtVONEFjv6Xu8sm8h72dNlR5bzIE1fvC/bxgspzkjSfU+MweEMmPM8KJebG6nnyxo5mCg==",
      "bin": true
    },
    "pvtsutils@1.3.6": {
      "integrity": "sha512-PLgQXQ6H2FWCaeRak8vvk1GW462lMxB5s3Jm673N82zI4vqtVUPuZdffdZbPDFRoU8kAhItWFtPCWiPpp4/EDg==",
      "dependencies": [
        "tslib@2.8.1"
      ]
    },
    "pvutils@1.2.0": {
      "integrity": "sha512-BbubeCEyTuQjVMakvJQ/Sxbc93F2pwmbsxONT/ZRrwU7Ua38d8unYTwXpTVLAKJ4BDuH9IGztCjQcd/N/39Dvg=="
    },
    "reflect-metadata@0.2.2": {
      "integrity": "sha512-urBwgfrvVP/eAyXx4hluJivBKzuEbSQs9rKWCrCkbSxNv8mxPcUZKeuoF3Uy4mJl3Lwprp6yy5/39VWigZ4K6Q=="
    },
    "thunky@1.1.0": {
      "integrity": "sha512-eHY7nBftgThBqOyHGVN+l8gF0BucP09fMo0oO/Lb0w1OF80dJv+lDVpXG60WMQvkcxAkNybKsrEIE3ZtKGmPrA=="
    },
    "tslib@1.14.1": {
      "integrity": "sha512-Xni35NKzjgMrwevysHTCArtLDpPvye8zV/0E4EyYn43P7/7qvQwPh9BGkHewbMulVntbigmcT7rdX3BNo9wRJg=="
    },
    "tslib@2.8.1": {
      "integrity": "sha512-oJFu94HQb+KVduSUQL7wnpmqnfmLsOA/nAh6b6EH0wCEoK0/mPeXU6c3wKDV83MkOuHPRHtSXKKU99IBazS/2w=="
    },
    "tsyringe@4.10.0": {
      "integrity": "sha512-axr3IdNuVIxnaK5XGEUFTu3YmAQ6lllgrvqfEoR16g/HGnYY/6We4oWENtAnzK6/LpJ2ur9PAb80RBt7/U4ugw==",
      "dependencies": [
        "tslib@1.14.1"
      ]
    },
    "tweetnacl@1.0.3": {
      "integrity": "sha512-6rt+RN7aOi1nGMyC4Xa5DdYiukl2UWCbcJft7YhxReBGQD7OAM8Pbxw6YMo4r2diNEA8FEmu32YOn9rhaiE5yw=="
    },
    "werift@0.24.4": {
      "integrity": "sha512-NoROZ11L/ZqAB5ombCB4VBuVNdIZfwI493zlxlIX7BlwfWRy55eDJdtWMC2VX35yBXFaWwA8NtYbmJ8qWtVk9Q==",
      "dependencies": [
        "@fidm/x509",
        "@noble/curves",
        "@peculiar/x509",
        "@shinyoshiaki/binary-data",
        "buffer",
        "debug",
        "mediabunny",
        "multicast-dns",
        "tweetnacl"
      ]
    }
  },
  "workspace": {
    "dependencies": [
      "jsr:@polyengine/ct-runner@0.6.3",
      "jsr:@polyengine/protocol@0.3.1",
      "jsr:@polyengine/runtime@0.6.3",
      "jsr:@polyengine/translator@0.6.3",
      "jsr:@polyengine/wasi@0.6.3",
      "npm:node-datachannel@0.33.2",
      "npm:werift@0.24.4"
    ],
    "packageJson": {
      "dependencies": [
        "npm:@jsr/polymorph__test@0.3.1",
        "npm:playwright-core@^1.63.0"
      ]
    }
  }
}
