{
  "name": "@polymorph/webrtc-conformance-polyengine-browser",
  "lockfileVersion": 3,
  "requires": true,
  "packages": {
    "": {
      "name": "@polymorph/webrtc-conformance-polyengine-browser",
      "dependencies": {
        "@jsr/polymorph__test": "0.3.1",
        "playwright-core": "^1.63.0"
      }
    },
    "node_modules/@jsr/polymorph__test": {
      "version": "0.3.1",
      "resolved": "https://npm.jsr.io/~/11/@jsr/polymorph__test/0.3.1.tgz",
      "integrity": "sha512-IIwmnw5F/JHgpuQUzHL+qFJ6lv+gr4mNuXRf2VXVqUQhaf1UaqdgOFHbN2bcsIVtZR3JH+2xKcODB3/SRcJJWg=="
    },
    "node_modules/playwright-core": {
      "version": "1.63.0",
      "resolved": "https://registry.npmjs.org/playwright-core/-/playwright-core-1.63.0.tgz",
      "integrity": "sha512-rYCsBF/M5HjUch52bbtVONEFjv6Xu8sm8h72dNlR5bzIE1fvC/bxgspzkjSfU+MweEMmPM8KJebG6nnyxo5mCg==",
      "license": "Apache-2.0",
      "bin": {
        "playwright-core": "cli.js"
      },
      "engines": {
        "node": ">=20"
      }
    }
  }
}
