{
  "name": "@polymorph/webrtc-conformance-polyengine-browser",
  "lockfileVersion": 3,
  "requires": true,
  "packages": {
    "": {
      "name": "@polymorph/webrtc-conformance-polyengine-browser",
      "dependencies": {
        "@jsr/polymorph__test": "0.2.1",
        "playwright-core": "^1.61.1"
      }
    },
    "node_modules/@jsr/polymorph__test": {
      "version": "0.2.1",
      "resolved": "https://npm.jsr.io/~/11/@jsr/polymorph__test/0.2.1.tgz",
      "integrity": "sha512-5bkpwmjHp8Hjk69ADkQp1oo4CHyiPT2BAtQWbi7QrbTkrrwIDOn73JzsmZhzWT4mvzkWEL3Q4u1BSOra3sVBLQ=="
    },
    "node_modules/playwright-core": {
      "version": "1.62.1",
      "resolved": "https://registry.npmjs.org/playwright-core/-/playwright-core-1.62.1.tgz",
      "integrity": "sha512-wPYSwEBJY9GHraISXqyqtx0na0LpO3XEX7jNDhntbex7tzUS7kLnZsOlFruFJB4Hi/rhDMjXGqHewDZ68nYZVw==",
      "license": "Apache-2.0",
      "bin": {
        "playwright-core": "cli.js"
      },
      "engines": {
        "node": ">=20"
      }
    }
  }
}
